{
  "object": {
    "pins": [
      {
        "package": "AEPCore",
        "repositoryURL": "https://github.com/adobe/aepsdk-core-ios.git",
        "state": {
          "branch": null,
          "revision": "255e3fde7c478a48c57e3f6ee9df1700aae22278",
          "version": "4.0.0"
        }
      },
      {
        "package": "AEPRulesEngine",
        "repositoryURL": "https://github.com/adobe/aepsdk-rulesengine-ios.git",
        "state": {
          "branch": null,
          "revision": "0923ec707340874000e06ad2926c5006ddfbc4c9",
          "version": "4.0.0"
        }
      }
    ]
  },
  "version": 1
}
