PODS:
  - AEPCore (3.3.1):
    - AEPRulesEngine (= 1.0.1)
    - AEPServices (= 3.3.1)
  - AEPRulesEngine (1.0.1)
  - AEPServices (3.3.1)

DEPENDENCIES:
  - AEPCore
  - AEPRulesEngine
  - AEPServices

SPEC REPOS:
  trunk:
    - AEPCore
    - AEPRulesEngine
    - AEPServices

SPEC CHECKSUMS:
  AEPCore: fc1398728b6b2a4dcc8dc96455f69ec144e087c0
  AEPRulesEngine: 5075ed294026a12e37bd26fe260f74604d205354
  AEPServices: c49e7b6ef17ec9f874b015f68ac7d2436235282f

PODFILE CHECKSUM: cb4291c6eb5d180aa3ea5f46a4c2a7e0191bc077

COCOAPODS: 1.10.1
