PODS:
  - AEPCore (3.0.0-beta.1):
    - AEPRulesEngine
    - AEPServices
  - AEPRulesEngine (1.0.0-beta.1)
  - AEPServices (3.0.0-beta.1)

DEPENDENCIES:
  - AEPCore (from `https://github.com/adobe/aepsdk-core-ios.git`, branch `main`)
  - AEPRulesEngine (from `https://github.com/adobe/aepsdk-rulesengine-ios.git`, branch `main`)
  - AEPServices (from `https://github.com/adobe/aepsdk-core-ios.git`, branch `main`)

EXTERNAL SOURCES:
  AEPCore:
    :branch: main
    :git: https://github.com/adobe/aepsdk-core-ios.git
  AEPRulesEngine:
    :branch: main
    :git: https://github.com/adobe/aepsdk-rulesengine-ios.git
  AEPServices:
    :branch: main
    :git: https://github.com/adobe/aepsdk-core-ios.git

CHECKOUT OPTIONS:
  AEPCore:
    :commit: 70d941c71e9d1b5fac6b525618cfdc4af4514d03
    :git: https://github.com/adobe/aepsdk-core-ios.git
  AEPRulesEngine:
    :commit: b2e0247bf57975209997dd9a26fd576b7c420394
    :git: https://github.com/adobe/aepsdk-rulesengine-ios.git
  AEPServices:
    :commit: 70d941c71e9d1b5fac6b525618cfdc4af4514d03
    :git: https://github.com/adobe/aepsdk-core-ios.git

SPEC CHECKSUMS:
  AEPCore: d4b8b2ac2d5d91ea11c4535bc574bb31e684b83c
  AEPRulesEngine: 3860846bc56a1b1e3e69194016e168358b4b8efd
  AEPServices: d5c727ccaba06c0e7149b7bf4baebcd5f5c0f7e8

PODFILE CHECKSUM: caba866a3e8afd9ef7c1744a725c82dd67a9862c

COCOAPODS: 1.9.3
